
Microsoft Visual Studio Solution File, Format Version 12.00
# Visual Studio 14
VisualStudioVersion = 14.0.25420.1
MinimumVisualStudioVersion = 10.0.40219.1
Project("{FAE04EC0-301F-11D3-BF4B-00C04F79EFBC}") = "Mario.Android", "Mario\Mario.Android\Mario.Android.csproj", "{A611333B-0496-4849-B580-48D50142CA93}"
EndProject
Project("{FAE04EC0-301F-11D3-BF4B-00C04F79EFBC}") = "Mario", "Mario\Mario\Mario.csproj", "{BAFFC3F7-3AA6-495C-8A4E-A6A454636127}"
EndProject
Project("{FAE04EC0-301F-11D3-BF4B-00C04F79EFBC}") = "Mario.UWP", "Mario\Mario.UWP\Mario.UWP.csproj", "{2D9A86E4-A058-434E-A3D5-B5E77F09279B}"
EndProject
Project("{FAE04EC0-301F-11D3-BF4B-00C04F79EFBC}") = "Mario.iOS", "Mario\Mario.iOS\Mario.iOS.csproj", "{54FB4D39-6800-4D4F-BCF3-C878980D7FEE}"
EndProject
Project("{2150E333-8FDC-42A3-9474-1A3956D46DE8}") = "App", "App", "{B05C5572-B6CA-4958-BEBE-5C61E0C2ABE3}"
EndProject
Project("{2150E333-8FDC-42A3-9474-1A3956D46DE8}") = "Backend", "Backend", "{ED870F90-19BF-4698-90F1-04AE387BDD56}"
EndProject
Project("{FAE04EC0-301F-11D3-BF4B-00C04F79EFBC}") = "MarioBackend", "MarioBackend\MarioBackend.csproj", "{775519DB-9B0A-4D74-8F4C-699D29231B99}"
EndProject
Global
	GlobalSection(SolutionConfigurationPlatforms) = preSolution
		Ad-Hoc|Any CPU = Ad-Hoc|Any CPU
		Ad-Hoc|ARM = Ad-Hoc|ARM
		Ad-Hoc|iPhone = Ad-Hoc|iPhone
		Ad-Hoc|iPhoneSimulator = Ad-Hoc|iPhoneSimulator
		Ad-Hoc|x64 = Ad-Hoc|x64
		Ad-Hoc|x86 = Ad-Hoc|x86
		AppStore|Any CPU = AppStore|Any CPU
		AppStore|ARM = AppStore|ARM
		AppStore|iPhone = AppStore|iPhone
		AppStore|iPhoneSimulator = AppStore|iPhoneSimulator
		AppStore|x64 = AppStore|x64
		AppStore|x86 = AppStore|x86
		Debug|Any CPU = Debug|Any CPU
		Debug|ARM = Debug|ARM
		Debug|iPhone = Debug|iPhone
		Debug|iPhoneSimulator = Debug|iPhoneSimulator
		Debug|x64 = Debug|x64
		Debug|x86 = Debug|x86
		Release|Any CPU = Release|Any CPU
		Release|ARM = Release|ARM
		Release|iPhone = Release|iPhone
		Release|iPhoneSimulator = Release|iPhoneSimulator
		Release|x64 = Release|x64
		Release|x86 = Release|x86
	EndGlobalSection
	GlobalSection(ProjectConfigurationPlatforms) = postSolution
		{A611333B-0496-4849-B580-48D50142CA93}.Ad-Hoc|Any CPU.ActiveCfg = Release|Any CPU
		{A611333B-0496-4849-B580-48D50142CA93}.Ad-Hoc|Any CPU.Build.0 = Release|Any CPU
		{A611333B-0496-4849-B580-48D50142CA93}.Ad-Hoc|Any CPU.Deploy.0 = Release|Any CPU
		{A611333B-0496-4849-B580-48D50142CA93}.Ad-Hoc|ARM.ActiveCfg = Release|Any CPU
		{A611333B-0496-4849-B580-48D50142CA93}.Ad-Hoc|ARM.Build.0 = Release|Any CPU
		{A611333B-0496-4849-B580-48D50142CA93}.Ad-Hoc|ARM.Deploy.0 = Release|Any CPU
		{A611333B-0496-4849-B580-48D50142CA93}.Ad-Hoc|iPhone.ActiveCfg = Release|Any CPU
		{A611333B-0496-4849-B580-48D50142CA93}.Ad-Hoc|iPhone.Build.0 = Release|Any CPU
		{A611333B-0496-4849-B580-48D50142CA93}.Ad-Hoc|iPhone.Deploy.0 = Release|Any CPU
		{A611333B-0496-4849-B580-48D50142CA93}.Ad-Hoc|iPhoneSimulator.ActiveCfg = Release|Any CPU
		{A611333B-0496-4849-B580-48D50142CA93}.Ad-Hoc|iPhoneSimulator.Build.0 = Release|Any CPU
		{A611333B-0496-4849-B580-48D50142CA93}.Ad-Hoc|iPhoneSimulator.Deploy.0 = Release|Any CPU
		{A611333B-0496-4849-B580-48D50142CA93}.Ad-Hoc|x64.ActiveCfg = Release|Any CPU
		{A611333B-0496-4849-B580-48D50142CA93}.Ad-Hoc|x64.Build.0 = Release|Any CPU
		{A611333B-0496-4849-B580-48D50142CA93}.Ad-Hoc|x64.Deploy.0 = Release|Any CPU
		{A611333B-0496-4849-B580-48D50142CA93}.Ad-Hoc|x86.ActiveCfg = Release|Any CPU
		{A611333B-0496-4849-B580-48D50142CA93}.Ad-Hoc|x86.Build.0 = Release|Any CPU
		{A611333B-0496-4849-B580-48D50142CA93}.Ad-Hoc|x86.Deploy.0 = Release|Any CPU
		{A611333B-0496-4849-B580-48D50142CA93}.AppStore|Any CPU.ActiveCfg = Release|Any CPU
		{A611333B-0496-4849-B580-48D50142CA93}.AppStore|Any CPU.Build.0 = Release|Any CPU
		{A611333B-0496-4849-B580-48D50142CA93}.AppStore|Any CPU.Deploy.0 = Release|Any CPU
		{A611333B-0496-4849-B580-48D50142CA93}.AppStore|ARM.ActiveCfg = Release|Any CPU
		{A611333B-0496-4849-B580-48D50142CA93}.AppStore|ARM.Build.0 = Release|Any CPU
		{A611333B-0496-4849-B580-48D50142CA93}.AppStore|ARM.Deploy.0 = Release|Any CPU
		{A611333B-0496-4849-B580-48D50142CA93}.AppStore|iPhone.ActiveCfg = Release|Any CPU
		{A611333B-0496-4849-B580-48D50142CA93}.AppStore|iPhone.Build.0 = Release|Any CPU
		{A611333B-0496-4849-B580-48D50142CA93}.AppStore|iPhone.Deploy.0 = Release|Any CPU
		{A611333B-0496-4849-B580-48D50142CA93}.AppStore|iPhoneSimulator.ActiveCfg = Release|Any CPU
		{A611333B-0496-4849-B580-48D50142CA93}.AppStore|iPhoneSimulator.Build.0 = Release|Any CPU
		{A611333B-0496-4849-B580-48D50142CA93}.AppStore|iPhoneSimulator.Deploy.0 = Release|Any CPU
		{A611333B-0496-4849-B580-48D50142CA93}.AppStore|x64.ActiveCfg = Release|Any CPU
		{A611333B-0496-4849-B580-48D50142CA93}.AppStore|x64.Build.0 = Release|Any CPU
		{A611333B-0496-4849-B580-48D50142CA93}.AppStore|x64.Deploy.0 = Release|Any CPU
		{A611333B-0496-4849-B580-48D50142CA93}.AppStore|x86.ActiveCfg = Release|Any CPU
		{A611333B-0496-4849-B580-48D50142CA93}.AppStore|x86.Build.0 = Release|Any CPU
		{A611333B-0496-4849-B580-48D50142CA93}.AppStore|x86.Deploy.0 = Release|Any CPU
		{A611333B-0496-4849-B580-48D50142CA93}.Debug|Any CPU.ActiveCfg = Debug|Any CPU
		{A611333B-0496-4849-B580-48D50142CA93}.Debug|Any CPU.Build.0 = Debug|Any CPU
		{A611333B-0496-4849-B580-48D50142CA93}.Debug|Any CPU.Deploy.0 = Debug|Any CPU
		{A611333B-0496-4849-B580-48D50142CA93}.Debug|ARM.ActiveCfg = Debug|Any CPU
		{A611333B-0496-4849-B580-48D50142CA93}.Debug|ARM.Build.0 = Debug|Any CPU
		{A611333B-0496-4849-B580-48D50142CA93}.Debug|ARM.Deploy.0 = Debug|Any CPU
		{A611333B-0496-4849-B580-48D50142CA93}.Debug|iPhone.ActiveCfg = Debug|Any CPU
		{A611333B-0496-4849-B580-48D50142CA93}.Debug|iPhone.Build.0 = Debug|Any CPU
		{A611333B-0496-4849-B580-48D50142CA93}.Debug|iPhone.Deploy.0 = Debug|Any CPU
		{A611333B-0496-4849-B580-48D50142CA93}.Debug|iPhoneSimulator.ActiveCfg = Debug|Any CPU
		{A611333B-0496-4849-B580-48D50142CA93}.Debug|iPhoneSimulator.Build.0 = Debug|Any CPU
		{A611333B-0496-4849-B580-48D50142CA93}.Debug|iPhoneSimulator.Deploy.0 = Debug|Any CPU
		{A611333B-0496-4849-B580-48D50142CA93}.Debug|x64.ActiveCfg = Debug|Any CPU
		{A611333B-0496-4849-B580-48D50142CA93}.Debug|x64.Build.0 = Debug|Any CPU
		{A611333B-0496-4849-B580-48D50142CA93}.Debug|x64.Deploy.0 = Debug|Any CPU
		{A611333B-0496-4849-B580-48D50142CA93}.Debug|x86.ActiveCfg = Debug|Any CPU
		{A611333B-0496-4849-B580-48D50142CA93}.Debug|x86.Build.0 = Debug|Any CPU
		{A611333B-0496-4849-B580-48D50142CA93}.Debug|x86.Deploy.0 = Debug|Any CPU
		{A611333B-0496-4849-B580-48D50142CA93}.Release|Any CPU.ActiveCfg = Release|Any CPU
		{A611333B-0496-4849-B580-48D50142CA93}.Release|Any CPU.Build.0 = Release|Any CPU
		{A611333B-0496-4849-B580-48D50142CA93}.Release|Any CPU.Deploy.0 = Release|Any CPU
		{A611333B-0496-4849-B580-48D50142CA93}.Release|ARM.ActiveCfg = Release|Any CPU
		{A611333B-0496-4849-B580-48D50142CA93}.Release|ARM.Build.0 = Release|Any CPU
		{A611333B-0496-4849-B580-48D50142CA93}.Release|ARM.Deploy.0 = Release|Any CPU
		{A611333B-0496-4849-B580-48D50142CA93}.Release|iPhone.ActiveCfg = Release|Any CPU
		{A611333B-0496-4849-B580-48D50142CA93}.Release|iPhone.Build.0 = Release|Any CPU
		{A611333B-0496-4849-B580-48D50142CA93}.Release|iPhone.Deploy.0 = Release|Any CPU
		{A611333B-0496-4849-B580-48D50142CA93}.Release|iPhoneSimulator.ActiveCfg = Release|Any CPU
		{A611333B-0496-4849-B580-48D50142CA93}.Release|iPhoneSimulator.Build.0 = Release|Any CPU
		{A611333B-0496-4849-B580-48D50142CA93}.Release|iPhoneSimulator.Deploy.0 = Release|Any CPU
		{A611333B-0496-4849-B580-48D50142CA93}.Release|x64.ActiveCfg = Release|Any CPU
		{A611333B-0496-4849-B580-48D50142CA93}.Release|x64.Build.0 = Release|Any CPU
		{A611333B-0496-4849-B580-48D50142CA93}.Release|x64.Deploy.0 = Release|Any CPU
		{A611333B-0496-4849-B580-48D50142CA93}.Release|x86.ActiveCfg = Release|Any CPU
		{A611333B-0496-4849-B580-48D50142CA93}.Release|x86.Build.0 = Release|Any CPU
		{A611333B-0496-4849-B580-48D50142CA93}.Release|x86.Deploy.0 = Release|Any CPU
		{BAFFC3F7-3AA6-495C-8A4E-A6A454636127}.Ad-Hoc|Any CPU.ActiveCfg = Release|Any CPU
		{BAFFC3F7-3AA6-495C-8A4E-A6A454636127}.Ad-Hoc|Any CPU.Build.0 = Release|Any CPU
		{BAFFC3F7-3AA6-495C-8A4E-A6A454636127}.Ad-Hoc|ARM.ActiveCfg = Release|Any CPU
		{BAFFC3F7-3AA6-495C-8A4E-A6A454636127}.Ad-Hoc|ARM.Build.0 = Release|Any CPU
		{BAFFC3F7-3AA6-495C-8A4E-A6A454636127}.Ad-Hoc|iPhone.ActiveCfg = Release|Any CPU
		{BAFFC3F7-3AA6-495C-8A4E-A6A454636127}.Ad-Hoc|iPhone.Build.0 = Release|Any CPU
		{BAFFC3F7-3AA6-495C-8A4E-A6A454636127}.Ad-Hoc|iPhoneSimulator.ActiveCfg = Release|Any CPU
		{BAFFC3F7-3AA6-495C-8A4E-A6A454636127}.Ad-Hoc|iPhoneSimulator.Build.0 = Release|Any CPU
		{BAFFC3F7-3AA6-495C-8A4E-A6A454636127}.Ad-Hoc|x64.ActiveCfg = Release|Any CPU
		{BAFFC3F7-3AA6-495C-8A4E-A6A454636127}.Ad-Hoc|x64.Build.0 = Release|Any CPU
		{BAFFC3F7-3AA6-495C-8A4E-A6A454636127}.Ad-Hoc|x86.ActiveCfg = Release|Any CPU
		{BAFFC3F7-3AA6-495C-8A4E-A6A454636127}.Ad-Hoc|x86.Build.0 = Release|Any CPU
		{BAFFC3F7-3AA6-495C-8A4E-A6A454636127}.AppStore|Any CPU.ActiveCfg = Release|Any CPU
		{BAFFC3F7-3AA6-495C-8A4E-A6A454636127}.AppStore|Any CPU.Build.0 = Release|Any CPU
		{BAFFC3F7-3AA6-495C-8A4E-A6A454636127}.AppStore|ARM.ActiveCfg = Release|Any CPU
		{BAFFC3F7-3AA6-495C-8A4E-A6A454636127}.AppStore|ARM.Build.0 = Release|Any CPU
		{BAFFC3F7-3AA6-495C-8A4E-A6A454636127}.AppStore|iPhone.ActiveCfg = Release|Any CPU
		{BAFFC3F7-3AA6-495C-8A4E-A6A454636127}.AppStore|iPhone.Build.0 = Release|Any CPU
		{BAFFC3F7-3AA6-495C-8A4E-A6A454636127}.AppStore|iPhoneSimulator.ActiveCfg = Release|Any CPU
		{BAFFC3F7-3AA6-495C-8A4E-A6A454636127}.AppStore|iPhoneSimulator.Build.0 = Release|Any CPU
		{BAFFC3F7-3AA6-495C-8A4E-A6A454636127}.AppStore|x64.ActiveCfg = Release|Any CPU
		{BAFFC3F7-3AA6-495C-8A4E-A6A454636127}.AppStore|x64.Build.0 = Release|Any CPU
		{BAFFC3F7-3AA6-495C-8A4E-A6A454636127}.AppStore|x86.ActiveCfg = Release|Any CPU
		{BAFFC3F7-3AA6-495C-8A4E-A6A454636127}.AppStore|x86.Build.0 = Release|Any CPU
		{BAFFC3F7-3AA6-495C-8A4E-A6A454636127}.Debug|Any CPU.ActiveCfg = Debug|Any CPU
		{BAFFC3F7-3AA6-495C-8A4E-A6A454636127}.Debug|Any CPU.Build.0 = Debug|Any CPU
		{BAFFC3F7-3AA6-495C-8A4E-A6A454636127}.Debug|ARM.ActiveCfg = Debug|Any CPU
		{BAFFC3F7-3AA6-495C-8A4E-A6A454636127}.Debug|ARM.Build.0 = Debug|Any CPU
		{BAFFC3F7-3AA6-495C-8A4E-A6A454636127}.Debug|iPhone.ActiveCfg = Debug|Any CPU
		{BAFFC3F7-3AA6-495C-8A4E-A6A454636127}.Debug|iPhone.Build.0 = Debug|Any CPU
		{BAFFC3F7-3AA6-495C-8A4E-A6A454636127}.Debug|iPhoneSimulator.ActiveCfg = Debug|Any CPU
		{BAFFC3F7-3AA6-495C-8A4E-A6A454636127}.Debug|iPhoneSimulator.Build.0 = Debug|Any CPU
		{BAFFC3F7-3AA6-495C-8A4E-A6A454636127}.Debug|x64.ActiveCfg = Debug|Any CPU
		{BAFFC3F7-3AA6-495C-8A4E-A6A454636127}.Debug|x64.Build.0 = Debug|Any CPU
		{BAFFC3F7-3AA6-495C-8A4E-A6A454636127}.Debug|x86.ActiveCfg = Debug|Any CPU
		{BAFFC3F7-3AA6-495C-8A4E-A6A454636127}.Debug|x86.Build.0 = Debug|Any CPU
		{BAFFC3F7-3AA6-495C-8A4E-A6A454636127}.Release|Any CPU.ActiveCfg = Release|Any CPU
		{BAFFC3F7-3AA6-495C-8A4E-A6A454636127}.Release|Any CPU.Build.0 = Release|Any CPU
		{BAFFC3F7-3AA6-495C-8A4E-A6A454636127}.Release|ARM.ActiveCfg = Release|Any CPU
		{BAFFC3F7-3AA6-495C-8A4E-A6A454636127}.Release|ARM.Build.0 = Release|Any CPU
		{BAFFC3F7-3AA6-495C-8A4E-A6A454636127}.Release|iPhone.ActiveCfg = Release|Any CPU
		{BAFFC3F7-3AA6-495C-8A4E-A6A454636127}.Release|iPhone.Build.0 = Release|Any CPU
		{BAFFC3F7-3AA6-495C-8A4E-A6A454636127}.Release|iPhoneSimulator.ActiveCfg = Release|Any CPU
		{BAFFC3F7-3AA6-495C-8A4E-A6A454636127}.Release|iPhoneSimulator.Build.0 = Release|Any CPU
		{BAFFC3F7-3AA6-495C-8A4E-A6A454636127}.Release|x64.ActiveCfg = Release|Any CPU
		{BAFFC3F7-3AA6-495C-8A4E-A6A454636127}.Release|x64.Build.0 = Release|Any CPU
		{BAFFC3F7-3AA6-495C-8A4E-A6A454636127}.Release|x86.ActiveCfg = Release|Any CPU
		{BAFFC3F7-3AA6-495C-8A4E-A6A454636127}.Release|x86.Build.0 = Release|Any CPU
		{2D9A86E4-A058-434E-A3D5-B5E77F09279B}.Ad-Hoc|Any CPU.ActiveCfg = Release|x86
		{2D9A86E4-A058-434E-A3D5-B5E77F09279B}.Ad-Hoc|Any CPU.Build.0 = Release|x86
		{2D9A86E4-A058-434E-A3D5-B5E77F09279B}.Ad-Hoc|Any CPU.Deploy.0 = Release|x86
		{2D9A86E4-A058-434E-A3D5-B5E77F09279B}.Ad-Hoc|ARM.ActiveCfg = Release|ARM
		{2D9A86E4-A058-434E-A3D5-B5E77F09279B}.Ad-Hoc|ARM.Build.0 = Release|ARM
		{2D9A86E4-A058-434E-A3D5-B5E77F09279B}.Ad-Hoc|ARM.Deploy.0 = Release|ARM
		{2D9A86E4-A058-434E-A3D5-B5E77F09279B}.Ad-Hoc|iPhone.ActiveCfg = Release|x86
		{2D9A86E4-A058-434E-A3D5-B5E77F09279B}.Ad-Hoc|iPhone.Build.0 = Release|x86
		{2D9A86E4-A058-434E-A3D5-B5E77F09279B}.Ad-Hoc|iPhone.Deploy.0 = Release|x86
		{2D9A86E4-A058-434E-A3D5-B5E77F09279B}.Ad-Hoc|iPhoneSimulator.ActiveCfg = Release|x86
		{2D9A86E4-A058-434E-A3D5-B5E77F09279B}.Ad-Hoc|iPhoneSimulator.Build.0 = Release|x86
		{2D9A86E4-A058-434E-A3D5-B5E77F09279B}.Ad-Hoc|iPhoneSimulator.Deploy.0 = Release|x86
		{2D9A86E4-A058-434E-A3D5-B5E77F09279B}.Ad-Hoc|x64.ActiveCfg = Release|x64
		{2D9A86E4-A058-434E-A3D5-B5E77F09279B}.Ad-Hoc|x64.Build.0 = Release|x64
		{2D9A86E4-A058-434E-A3D5-B5E77F09279B}.Ad-Hoc|x64.Deploy.0 = Release|x64
		{2D9A86E4-A058-434E-A3D5-B5E77F09279B}.Ad-Hoc|x86.ActiveCfg = Release|x86
		{2D9A86E4-A058-434E-A3D5-B5E77F09279B}.Ad-Hoc|x86.Build.0 = Release|x86
		{2D9A86E4-A058-434E-A3D5-B5E77F09279B}.Ad-Hoc|x86.Deploy.0 = Release|x86
		{2D9A86E4-A058-434E-A3D5-B5E77F09279B}.AppStore|Any CPU.ActiveCfg = Release|x86
		{2D9A86E4-A058-434E-A3D5-B5E77F09279B}.AppStore|Any CPU.Build.0 = Release|x86
		{2D9A86E4-A058-434E-A3D5-B5E77F09279B}.AppStore|Any CPU.Deploy.0 = Release|x86
		{2D9A86E4-A058-434E-A3D5-B5E77F09279B}.AppStore|ARM.ActiveCfg = Release|ARM
		{2D9A86E4-A058-434E-A3D5-B5E77F09279B}.AppStore|ARM.Build.0 = Release|ARM
		{2D9A86E4-A058-434E-A3D5-B5E77F09279B}.AppStore|ARM.Deploy.0 = Release|ARM
		{2D9A86E4-A058-434E-A3D5-B5E77F09279B}.AppStore|iPhone.ActiveCfg = Release|x86
		{2D9A86E4-A058-434E-A3D5-B5E77F09279B}.AppStore|iPhone.Build.0 = Release|x86
		{2D9A86E4-A058-434E-A3D5-B5E77F09279B}.AppStore|iPhone.Deploy.0 = Release|x86
		{2D9A86E4-A058-434E-A3D5-B5E77F09279B}.AppStore|iPhoneSimulator.ActiveCfg = Release|x86
		{2D9A86E4-A058-434E-A3D5-B5E77F09279B}.AppStore|iPhoneSimulator.Build.0 = Release|x86
		{2D9A86E4-A058-434E-A3D5-B5E77F09279B}.AppStore|iPhoneSimulator.Deploy.0 = Release|x86
		{2D9A86E4-A058-434E-A3D5-B5E77F09279B}.AppStore|x64.ActiveCfg = Release|x64
		{2D9A86E4-A058-434E-A3D5-B5E77F09279B}.AppStore|x64.Build.0 = Release|x64
		{2D9A86E4-A058-434E-A3D5-B5E77F09279B}.AppStore|x64.Deploy.0 = Release|x64
		{2D9A86E4-A058-434E-A3D5-B5E77F09279B}.AppStore|x86.ActiveCfg = Release|x86
		{2D9A86E4-A058-434E-A3D5-B5E77F09279B}.AppStore|x86.Build.0 = Release|x86
		{2D9A86E4-A058-434E-A3D5-B5E77F09279B}.AppStore|x86.Deploy.0 = Release|x86
		{2D9A86E4-A058-434E-A3D5-B5E77F09279B}.Debug|Any CPU.ActiveCfg = Debug|x86
		{2D9A86E4-A058-434E-A3D5-B5E77F09279B}.Debug|ARM.ActiveCfg = Debug|ARM
		{2D9A86E4-A058-434E-A3D5-B5E77F09279B}.Debug|ARM.Build.0 = Debug|ARM
		{2D9A86E4-A058-434E-A3D5-B5E77F09279B}.Debug|ARM.Deploy.0 = Debug|ARM
		{2D9A86E4-A058-434E-A3D5-B5E77F09279B}.Debug|iPhone.ActiveCfg = Debug|x86
		{2D9A86E4-A058-434E-A3D5-B5E77F09279B}.Debug|iPhoneSimulator.ActiveCfg = Debug|x86
		{2D9A86E4-A058-434E-A3D5-B5E77F09279B}.Debug|x64.ActiveCfg = Debug|x64
		{2D9A86E4-A058-434E-A3D5-B5E77F09279B}.Debug|x64.Build.0 = Debug|x64
		{2D9A86E4-A058-434E-A3D5-B5E77F09279B}.Debug|x64.Deploy.0 = Debug|x64
		{2D9A86E4-A058-434E-A3D5-B5E77F09279B}.Debug|x86.ActiveCfg = Debug|x86
		{2D9A86E4-A058-434E-A3D5-B5E77F09279B}.Debug|x86.Build.0 = Debug|x86
		{2D9A86E4-A058-434E-A3D5-B5E77F09279B}.Debug|x86.Deploy.0 = Debug|x86
		{2D9A86E4-A058-434E-A3D5-B5E77F09279B}.Release|Any CPU.ActiveCfg = Release|x86
		{2D9A86E4-A058-434E-A3D5-B5E77F09279B}.Release|ARM.ActiveCfg = Release|ARM
		{2D9A86E4-A058-434E-A3D5-B5E77F09279B}.Release|ARM.Build.0 = Release|ARM
		{2D9A86E4-A058-434E-A3D5-B5E77F09279B}.Release|ARM.Deploy.0 = Release|ARM
		{2D9A86E4-A058-434E-A3D5-B5E77F09279B}.Release|iPhone.ActiveCfg = Release|x86
		{2D9A86E4-A058-434E-A3D5-B5E77F09279B}.Release|iPhoneSimulator.ActiveCfg = Release|x86
		{2D9A86E4-A058-434E-A3D5-B5E77F09279B}.Release|x64.ActiveCfg = Release|x64
		{2D9A86E4-A058-434E-A3D5-B5E77F09279B}.Release|x64.Build.0 = Release|x64
		{2D9A86E4-A058-434E-A3D5-B5E77F09279B}.Release|x64.Deploy.0 = Release|x64
		{2D9A86E4-A058-434E-A3D5-B5E77F09279B}.Release|x86.ActiveCfg = Release|x86
		{2D9A86E4-A058-434E-A3D5-B5E77F09279B}.Release|x86.Build.0 = Release|x86
		{2D9A86E4-A058-434E-A3D5-B5E77F09279B}.Release|x86.Deploy.0 = Release|x86
		{54FB4D39-6800-4D4F-BCF3-C878980D7FEE}.Ad-Hoc|Any CPU.ActiveCfg = Ad-Hoc|iPhone
		{54FB4D39-6800-4D4F-BCF3-C878980D7FEE}.Ad-Hoc|ARM.ActiveCfg = Ad-Hoc|iPhone
		{54FB4D39-6800-4D4F-BCF3-C878980D7FEE}.Ad-Hoc|iPhone.ActiveCfg = Ad-Hoc|iPhone
		{54FB4D39-6800-4D4F-BCF3-C878980D7FEE}.Ad-Hoc|iPhone.Build.0 = Ad-Hoc|iPhone
		{54FB4D39-6800-4D4F-BCF3-C878980D7FEE}.Ad-Hoc|iPhoneSimulator.ActiveCfg = Ad-Hoc|iPhoneSimulator
		{54FB4D39-6800-4D4F-BCF3-C878980D7FEE}.Ad-Hoc|iPhoneSimulator.Build.0 = Ad-Hoc|iPhoneSimulator
		{54FB4D39-6800-4D4F-BCF3-C878980D7FEE}.Ad-Hoc|x64.ActiveCfg = Ad-Hoc|iPhone
		{54FB4D39-6800-4D4F-BCF3-C878980D7FEE}.Ad-Hoc|x86.ActiveCfg = Ad-Hoc|iPhone
		{54FB4D39-6800-4D4F-BCF3-C878980D7FEE}.AppStore|Any CPU.ActiveCfg = AppStore|iPhone
		{54FB4D39-6800-4D4F-BCF3-C878980D7FEE}.AppStore|ARM.ActiveCfg = AppStore|iPhone
		{54FB4D39-6800-4D4F-BCF3-C878980D7FEE}.AppStore|iPhone.ActiveCfg = AppStore|iPhone
		{54FB4D39-6800-4D4F-BCF3-C878980D7FEE}.AppStore|iPhone.Build.0 = AppStore|iPhone
		{54FB4D39-6800-4D4F-BCF3-C878980D7FEE}.AppStore|iPhoneSimulator.ActiveCfg = AppStore|iPhoneSimulator
		{54FB4D39-6800-4D4F-BCF3-C878980D7FEE}.AppStore|iPhoneSimulator.Build.0 = AppStore|iPhoneSimulator
		{54FB4D39-6800-4D4F-BCF3-C878980D7FEE}.AppStore|x64.ActiveCfg = AppStore|iPhone
		{54FB4D39-6800-4D4F-BCF3-C878980D7FEE}.AppStore|x86.ActiveCfg = AppStore|iPhone
		{54FB4D39-6800-4D4F-BCF3-C878980D7FEE}.Debug|Any CPU.ActiveCfg = Debug|iPhone
		{54FB4D39-6800-4D4F-BCF3-C878980D7FEE}.Debug|ARM.ActiveCfg = Debug|iPhone
		{54FB4D39-6800-4D4F-BCF3-C878980D7FEE}.Debug|iPhone.ActiveCfg = Debug|iPhone
		{54FB4D39-6800-4D4F-BCF3-C878980D7FEE}.Debug|iPhone.Build.0 = Debug|iPhone
		{54FB4D39-6800-4D4F-BCF3-C878980D7FEE}.Debug|iPhoneSimulator.ActiveCfg = Debug|iPhoneSimulator
		{54FB4D39-6800-4D4F-BCF3-C878980D7FEE}.Debug|iPhoneSimulator.Build.0 = Debug|iPhoneSimulator
		{54FB4D39-6800-4D4F-BCF3-C878980D7FEE}.Debug|x64.ActiveCfg = Debug|iPhone
		{54FB4D39-6800-4D4F-BCF3-C878980D7FEE}.Debug|x86.ActiveCfg = Debug|iPhone
		{54FB4D39-6800-4D4F-BCF3-C878980D7FEE}.Release|Any CPU.ActiveCfg = Release|iPhone
		{54FB4D39-6800-4D4F-BCF3-C878980D7FEE}.Release|ARM.ActiveCfg = Release|iPhone
		{54FB4D39-6800-4D4F-BCF3-C878980D7FEE}.Release|iPhone.ActiveCfg = Release|iPhone
		{54FB4D39-6800-4D4F-BCF3-C878980D7FEE}.Release|iPhone.Build.0 = Release|iPhone
		{54FB4D39-6800-4D4F-BCF3-C878980D7FEE}.Release|iPhoneSimulator.ActiveCfg = Release|iPhoneSimulator
		{54FB4D39-6800-4D4F-BCF3-C878980D7FEE}.Release|iPhoneSimulator.Build.0 = Release|iPhoneSimulator
		{54FB4D39-6800-4D4F-BCF3-C878980D7FEE}.Release|x64.ActiveCfg = Release|iPhone
		{54FB4D39-6800-4D4F-BCF3-C878980D7FEE}.Release|x86.ActiveCfg = Release|iPhone
		{775519DB-9B0A-4D74-8F4C-699D29231B99}.Ad-Hoc|Any CPU.ActiveCfg = Release|Any CPU
		{775519DB-9B0A-4D74-8F4C-699D29231B99}.Ad-Hoc|Any CPU.Build.0 = Release|Any CPU
		{775519DB-9B0A-4D74-8F4C-699D29231B99}.Ad-Hoc|ARM.ActiveCfg = Release|Any CPU
		{775519DB-9B0A-4D74-8F4C-699D29231B99}.Ad-Hoc|ARM.Build.0 = Release|Any CPU
		{775519DB-9B0A-4D74-8F4C-699D29231B99}.Ad-Hoc|iPhone.ActiveCfg = Release|Any CPU
		{775519DB-9B0A-4D74-8F4C-699D29231B99}.Ad-Hoc|iPhone.Build.0 = Release|Any CPU
		{775519DB-9B0A-4D74-8F4C-699D29231B99}.Ad-Hoc|iPhoneSimulator.ActiveCfg = Release|Any CPU
		{775519DB-9B0A-4D74-8F4C-699D29231B99}.Ad-Hoc|iPhoneSimulator.Build.0 = Release|Any CPU
		{775519DB-9B0A-4D74-8F4C-699D29231B99}.Ad-Hoc|x64.ActiveCfg = Release|Any CPU
		{775519DB-9B0A-4D74-8F4C-699D29231B99}.Ad-Hoc|x64.Build.0 = Release|Any CPU
		{775519DB-9B0A-4D74-8F4C-699D29231B99}.Ad-Hoc|x86.ActiveCfg = Release|Any CPU
		{775519DB-9B0A-4D74-8F4C-699D29231B99}.Ad-Hoc|x86.Build.0 = Release|Any CPU
		{775519DB-9B0A-4D74-8F4C-699D29231B99}.AppStore|Any CPU.ActiveCfg = Release|Any CPU
		{775519DB-9B0A-4D74-8F4C-699D29231B99}.AppStore|Any CPU.Build.0 = Release|Any CPU
		{775519DB-9B0A-4D74-8F4C-699D29231B99}.AppStore|ARM.ActiveCfg = Release|Any CPU
		{775519DB-9B0A-4D74-8F4C-699D29231B99}.AppStore|ARM.Build.0 = Release|Any CPU
		{775519DB-9B0A-4D74-8F4C-699D29231B99}.AppStore|iPhone.ActiveCfg = Release|Any CPU
		{775519DB-9B0A-4D74-8F4C-699D29231B99}.AppStore|iPhone.Build.0 = Release|Any CPU
		{775519DB-9B0A-4D74-8F4C-699D29231B99}.AppStore|iPhoneSimulator.ActiveCfg = Release|Any CPU
		{775519DB-9B0A-4D74-8F4C-699D29231B99}.AppStore|iPhoneSimulator.Build.0 = Release|Any CPU
		{775519DB-9B0A-4D74-8F4C-699D29231B99}.AppStore|x64.ActiveCfg = Release|Any CPU
		{775519DB-9B0A-4D74-8F4C-699D29231B99}.AppStore|x64.Build.0 = Release|Any CPU
		{775519DB-9B0A-4D74-8F4C-699D29231B99}.AppStore|x86.ActiveCfg = Release|Any CPU
		{775519DB-9B0A-4D74-8F4C-699D29231B99}.AppStore|x86.Build.0 = Release|Any CPU
		{775519DB-9B0A-4D74-8F4C-699D29231B99}.Debug|Any CPU.ActiveCfg = Debug|Any CPU
		{775519DB-9B0A-4D74-8F4C-699D29231B99}.Debug|Any CPU.Build.0 = Debug|Any CPU
		{775519DB-9B0A-4D74-8F4C-699D29231B99}.Debug|ARM.ActiveCfg = Debug|Any CPU
		{775519DB-9B0A-4D74-8F4C-699D29231B99}.Debug|ARM.Build.0 = Debug|Any CPU
		{775519DB-9B0A-4D74-8F4C-699D29231B99}.Debug|iPhone.ActiveCfg = Debug|Any CPU
		{775519DB-9B0A-4D74-8F4C-699D29231B99}.Debug|iPhone.Build.0 = Debug|Any CPU
		{775519DB-9B0A-4D74-8F4C-699D29231B99}.Debug|iPhoneSimulator.ActiveCfg = Debug|Any CPU
		{775519DB-9B0A-4D74-8F4C-699D29231B99}.Debug|iPhoneSimulator.Build.0 = Debug|Any CPU
		{775519DB-9B0A-4D74-8F4C-699D29231B99}.Debug|x64.ActiveCfg = Debug|Any CPU
		{775519DB-9B0A-4D74-8F4C-699D29231B99}.Debug|x64.Build.0 = Debug|Any CPU
		{775519DB-9B0A-4D74-8F4C-699D29231B99}.Debug|x86.ActiveCfg = Debug|Any CPU
		{775519DB-9B0A-4D74-8F4C-699D29231B99}.Debug|x86.Build.0 = Debug|Any CPU
		{775519DB-9B0A-4D74-8F4C-699D29231B99}.Release|Any CPU.ActiveCfg = Release|Any CPU
		{775519DB-9B0A-4D74-8F4C-699D29231B99}.Release|Any CPU.Build.0 = Release|Any CPU
		{775519DB-9B0A-4D74-8F4C-699D29231B99}.Release|ARM.ActiveCfg = Release|Any CPU
		{775519DB-9B0A-4D74-8F4C-699D29231B99}.Release|ARM.Build.0 = Release|Any CPU
		{775519DB-9B0A-4D74-8F4C-699D29231B99}.Release|iPhone.ActiveCfg = Release|Any CPU
		{775519DB-9B0A-4D74-8F4C-699D29231B99}.Release|iPhone.Build.0 = Release|Any CPU
		{775519DB-9B0A-4D74-8F4C-699D29231B99}.Release|iPhoneSimulator.ActiveCfg = Release|Any CPU
		{775519DB-9B0A-4D74-8F4C-699D29231B99}.Release|iPhoneSimulator.Build.0 = Release|Any CPU
		{775519DB-9B0A-4D74-8F4C-699D29231B99}.Release|x64.ActiveCfg = Release|Any CPU
		{775519DB-9B0A-4D74-8F4C-699D29231B99}.Release|x64.Build.0 = Release|Any CPU
		{775519DB-9B0A-4D74-8F4C-699D29231B99}.Release|x86.ActiveCfg = Release|Any CPU
		{775519DB-9B0A-4D74-8F4C-699D29231B99}.Release|x86.Build.0 = Release|Any CPU
	EndGlobalSection
	GlobalSection(SolutionProperties) = preSolution
		HideSolutionNode = FALSE
	EndGlobalSection
	GlobalSection(NestedProjects) = preSolution
		{A611333B-0496-4849-B580-48D50142CA93} = {B05C5572-B6CA-4958-BEBE-5C61E0C2ABE3}
		{BAFFC3F7-3AA6-495C-8A4E-A6A454636127} = {B05C5572-B6CA-4958-BEBE-5C61E0C2ABE3}
		{2D9A86E4-A058-434E-A3D5-B5E77F09279B} = {B05C5572-B6CA-4958-BEBE-5C61E0C2ABE3}
		{54FB4D39-6800-4D4F-BCF3-C878980D7FEE} = {B05C5572-B6CA-4958-BEBE-5C61E0C2ABE3}
		{775519DB-9B0A-4D74-8F4C-699D29231B99} = {ED870F90-19BF-4698-90F1-04AE387BDD56}
	EndGlobalSection
EndGlobal
